PODS:
  - DeepDiff (2.2.0)
  - Differ (1.4.3)
  - LazyList (0.0.1)
  - ObjcExceptionBridging (1.0.1):
    - ObjcExceptionBridging/ObjcExceptionBridging (= 1.0.1)
  - ObjcExceptionBridging/ObjcExceptionBridging (1.0.1)
  - Smile (2.0.0)
  - SwiftFormat/CLI (0.40.10)
  - SwiftLint (0.33.1)
  - XCGLogger (7.0.0):
    - XCGLogger/Core (= 7.0.0)
  - XCGLogger/Core (7.0.0):
    - ObjcExceptionBridging

DEPENDENCIES:
  - DeepDiff
  - Differ
  - LazyList (from `../`)
  - Smile
  - SwiftFormat/CLI
  - SwiftLint
  - XCGLogger

SPEC REPOS:
  https://github.com/cocoapods/specs.git:
    - DeepDiff
    - Differ
    - ObjcExceptionBridging
    - Smile
    - SwiftFormat
    - SwiftLint
    - XCGLogger

EXTERNAL SOURCES:
  LazyList:
    :path: "../"

SPEC CHECKSUMS:
  DeepDiff: e329bc46dd14ca788d8ec08d34420799ba1d77f2
  Differ: 6c7477d6187e8c36d02ec342a3c321061b85a0ea
  LazyList: 4256c78e7bbb74104f18a605b3345c733846ad1b
  ObjcExceptionBridging: c30e00eb3700467e695faeea30e26e18bd445001
  Smile: 21ff6c48e06ecfcee605cca32aedd74d5810e34a
  SwiftFormat: d0e2118da5bfccc0158f0b8eff80c476c5acd984
  SwiftLint: 9fc1143bbacec37f94994a7d0d2a85b2154b6294
  XCGLogger: 0434f15e3909cdc450bb63faf638b8792ab782ab

PODFILE CHECKSUM: 5b7deaec805ac2f51e3a9f2c7c75c4984d7de625

COCOAPODS: 1.7.5
